
Microsoft Visual Studio Solution File, Format Version 12.00
# Visual Studio Version 17
VisualStudioVersion = 17.11.35312.102
MinimumVisualStudioVersion = 10.0.40219.1
Project("{FAE04EC0-301F-11D3-BF4B-00C04F79EFBC}") = "Smart EMS", "Smart EMS.csproj", "{AF0CB6F5-60DB-46B7-A393-66F6E6D3563E}"
EndProject
Global
	GlobalSection(SolutionConfigurationPlatforms) = preSolution
		Debug|Any CPU = Debug|Any CPU
		Release|Any CPU = Release|Any CPU
	EndGlobalSection
	GlobalSection(ProjectConfigurationPlatforms) = postSolution
		{AF0CB6F5-60DB-46B7-A393-66F6E6D3563E}.Debug|Any CPU.ActiveCfg = Debug|Any CPU
		{AF0CB6F5-60DB-46B7-A393-66F6E6D3563E}.Debug|Any CPU.Build.0 = Debug|Any CPU
		{AF0CB6F5-60DB-46B7-A393-66F6E6D3563E}.Release|Any CPU.ActiveCfg = Release|Any CPU
		{AF0CB6F5-60DB-46B7-A393-66F6E6D3563E}.Release|Any CPU.Build.0 = Release|Any CPU
	EndGlobalSection
	GlobalSection(SolutionProperties) = preSolution
		HideSolutionNode = FALSE
	EndGlobalSection
	GlobalSection(ExtensibilityGlobals) = postSolution
		SolutionGuid = {AF4353A4-C3F8-4608-82C8-9ABCD710CFD2}
	EndGlobalSection
EndGlobal
